# This file is automatically @generated by Cargo.
# It is not intended for manual editing.
version = 4

[[package]]
name = "kanerva"
version = "0.1.0"
source = "git+https://github.com/TripleSparkleAI/KANERVA#85bf94c42b664d4d9b8884590e20f86aae113aeb"

[[package]]
name = "settle"
version = "0.1.0"
dependencies = [
 "kanerva",
]
