# This file is automatically @generated by Cargo.
# It is not intended for manual editing.
version = 4

[[package]]
name = "kanerva"
version = "0.1.0"
source = "git+https://github.com/triplesparkle/KANERVA#a98036f23f6e43669ee8752ce5efc585f1491ee9"

[[package]]
name = "settle"
version = "0.1.0"
dependencies = [
 "kanerva",
]
