# This file is automatically @generated by Cargo.
# It is not intended for manual editing.
version = 4

[[package]]
name = "kanerva"
version = "0.1.0"
source = "git+https://github.com/triplesparkle/KANERVA#464696765e98e913a2ef142ab3c04d30ca25df9e"

[[package]]
name = "settle"
version = "0.1.0"
dependencies = [
 "kanerva",
]
